
Microsoft Visual Studio Solution File, Format Version 12.00
# Visual Studio Version 16
VisualStudioVersion = 16.0.30804.86
MinimumVisualStudioVersion = 10.0.40219.1
Project("{9A19103F-16F7-4668-BE54-9A1E7A4F7556}") = "JokesWebApp", "JokesWebApp.csproj", "{59DDCBB5-D945-4EDD-8DD2-757E9B5705C7}"
EndProject
Project("{13B669BE-BB05-4DDF-9536-439F39A36129}") = "MyContent", "MyContent\MyContent.msbuildproj", "{0B638DB3-9350-4EBC-AA39-7E04A0AF4318}"
EndProject
Project("{13B669BE-BB05-4DDF-9536-439F39A36129}") = "PhpLib", "..\PhpLib\PhpLib.msbuildproj", "{CDB09ACF-3ACB-48A3-BD7C-54DB47B533EA}"
EndProject
Global
	GlobalSection(SolutionConfigurationPlatforms) = preSolution
		Debug|Any CPU = Debug|Any CPU
		Release|Any CPU = Release|Any CPU
	EndGlobalSection
	GlobalSection(ProjectConfigurationPlatforms) = postSolution
		{59DDCBB5-D945-4EDD-8DD2-757E9B5705C7}.Debug|Any CPU.ActiveCfg = Debug|Any CPU
		{59DDCBB5-D945-4EDD-8DD2-757E9B5705C7}.Debug|Any CPU.Build.0 = Debug|Any CPU
		{59DDCBB5-D945-4EDD-8DD2-757E9B5705C7}.Release|Any CPU.ActiveCfg = Release|Any CPU
		{59DDCBB5-D945-4EDD-8DD2-757E9B5705C7}.Release|Any CPU.Build.0 = Release|Any CPU
		{0B638DB3-9350-4EBC-AA39-7E04A0AF4318}.Debug|Any CPU.ActiveCfg = Debug|Any CPU
		{0B638DB3-9350-4EBC-AA39-7E04A0AF4318}.Debug|Any CPU.Build.0 = Debug|Any CPU
		{0B638DB3-9350-4EBC-AA39-7E04A0AF4318}.Release|Any CPU.ActiveCfg = Release|Any CPU
		{0B638DB3-9350-4EBC-AA39-7E04A0AF4318}.Release|Any CPU.Build.0 = Release|Any CPU
		{CDB09ACF-3ACB-48A3-BD7C-54DB47B533EA}.Debug|Any CPU.ActiveCfg = Debug|Any CPU
		{CDB09ACF-3ACB-48A3-BD7C-54DB47B533EA}.Debug|Any CPU.Build.0 = Debug|Any CPU
		{CDB09ACF-3ACB-48A3-BD7C-54DB47B533EA}.Release|Any CPU.ActiveCfg = Release|Any CPU
		{CDB09ACF-3ACB-48A3-BD7C-54DB47B533EA}.Release|Any CPU.Build.0 = Release|Any CPU
	EndGlobalSection
	GlobalSection(SolutionProperties) = preSolution
		HideSolutionNode = FALSE
	EndGlobalSection
	GlobalSection(ExtensibilityGlobals) = postSolution
		SolutionGuid = {A1E3476F-54A9-4D9C-AE59-77568AFE6D84}
	EndGlobalSection
EndGlobal
